// !$*UTF8*$!
{
	archiveVersion = 1;
	classes = {
	};
	objectVersion = 46;
	objects = {

/* Begin PBXBuildFile section */
		89C8E3FB1A63FD9B00620CCF /* Foundation.framework in Frameworks */ = {isa = PBXBuildFile; fileRef = 89C8E3FA1A63FD9B00620CCF /* Foundation.framework */; };
		89C8E3FD1A63FD9B00620CCF /* CoreGraphics.framework in Frameworks */ = {isa = PBXBuildFile; fileRef = 89C8E3FC1A63FD9B00620CCF /* CoreGraphics.framework */; };
		89C8E3FF1A63FD9B00620CCF /* UIKit.framework in Frameworks */ = {isa = PBXBuildFile; fileRef = 89C8E3FE1A63FD9B00620CCF /* UIKit.framework */; };
		89C8E4051A63FD9B00620CCF /* InfoPlist.strings in Resources */ = {isa = PBXBuildFile; fileRef = 89C8E4031A63FD9B00620CCF /* InfoPlist.strings */; };
		89C8E4071A63FD9B00620CCF /* main.m in Sources */ = {isa = PBXBuildFile; fileRef = 89C8E4061A63FD9B00620CCF /* main.m */; };
		89C8E40B1A63FD9B00620CCF /* AppDelegate.m in Sources */ = {isa = PBXBuildFile; fileRef = 89C8E40A1A63FD9B00620CCF /* AppDelegate.m */; };
		89C8E40E1A63FD9B00620CCF /* Main.storyboard in Resources */ = {isa = PBXBuildFile; fileRef = 89C8E40C1A63FD9B00620CCF /* Main.storyboard */; };
		89C8E4111A63FD9B00620CCF /* ViewController.m in Sources */ = {isa = PBXBuildFile; fileRef = 89C8E4101A63FD9B00620CCF /* ViewController.m */; };
		89C8E4131A63FD9B00620CCF /* Images.xcassets in Resources */ = {isa = PBXBuildFile; fileRef = 89C8E4121A63FD9B00620CCF /* Images.xcassets */; };
		89C8E41A1A63FD9B00620CCF /* XCTest.framework in Frameworks */ = {isa = PBXBuildFile; fileRef = 89C8E4191A63FD9B00620CCF /* XCTest.framework */; };
		89C8E41B1A63FD9B00620CCF /* Foundation.framework in Frameworks */ = {isa = PBXBuildFile; fileRef = 89C8E3FA1A63FD9B00620CCF /* Foundation.framework */; };
		89C8E41C1A63FD9B00620CCF /* UIKit.framework in Frameworks */ = {isa = PBXBuildFile; fileRef = 89C8E3FE1A63FD9B00620CCF /* UIKit.framework */; };
		89C8E4241A63FD9B00620CCF /* InfoPlist.strings in Resources */ = {isa = PBXBuildFile; fileRef = 89C8E4221A63FD9B00620CCF /* InfoPlist.strings */; };
		89C8E4261A63FD9B00620CCF /* OpenWeatherTests.m in Sources */ = {isa = PBXBuildFile; fileRef = 89C8E4251A63FD9B00620CCF /* OpenWeatherTests.m */; };
		89C8E4301A64003200620CCF /* CoreLocation.framework in Frameworks */ = {isa = PBXBuildFile; fileRef = 89C8E42F1A64003200620CCF /* CoreLocation.framework */; };
		89C8E4361A64044300620CCF /* Location.m in Sources */ = {isa = PBXBuildFile; fileRef = 89C8E4351A64044300620CCF /* Location.m */; };
		89C8E43C1A64057700620CCF /* Weather.m in Sources */ = {isa = PBXBuildFile; fileRef = 89C8E43B1A64057700620CCF /* Weather.m */; };
		89C8E43F1A6406F800620CCF /* Conditions.m in Sources */ = {isa = PBXBuildFile; fileRef = 89C8E43E1A6406F800620CCF /* Conditions.m */; };
		89C8E4421A64079300620CCF /* Wind.m in Sources */ = {isa = PBXBuildFile; fileRef = 89C8E4411A64079300620CCF /* Wind.m */; };
		89C8E4451A64081B00620CCF /* Rain.m in Sources */ = {isa = PBXBuildFile; fileRef = 89C8E4441A64081B00620CCF /* Rain.m */; };
		89C8E4481A64088600620CCF /* Clouds.m in Sources */ = {isa = PBXBuildFile; fileRef = 89C8E4471A64088600620CCF /* Clouds.m */; };
		89C8E44C1A640F1400620CCF /* NetworkingManager.m in Sources */ = {isa = PBXBuildFile; fileRef = 89C8E44B1A640F1400620CCF /* NetworkingManager.m */; };
		89C8E44F1A64183B00620CCF /* DetailsViewController.m in Sources */ = {isa = PBXBuildFile; fileRef = 89C8E44E1A64183B00620CCF /* DetailsViewController.m */; };
		89C8E5071A64222F00620CCF /* NSObject+SBJson.m in Sources */ = {isa = PBXBuildFile; fileRef = 89C8E4EF1A64222F00620CCF /* NSObject+SBJson.m */; };
		89C8E5081A64222F00620CCF /* SBJsonParser.m in Sources */ = {isa = PBXBuildFile; fileRef = 89C8E4F21A64222F00620CCF /* SBJsonParser.m */; };
		89C8E5091A64222F00620CCF /* SBJsonStreamParser.m in Sources */ = {isa = PBXBuildFile; fileRef = 89C8E4F41A64222F00620CCF /* SBJsonStreamParser.m */; };
		89C8E50A1A64222F00620CCF /* SBJsonStreamParserAccumulator.m in Sources */ = {isa = PBXBuildFile; fileRef = 89C8E4F61A64222F00620CCF /* SBJsonStreamParserAccumulator.m */; };
		89C8E50B1A64222F00620CCF /* SBJsonStreamParserAdapter.m in Sources */ = {isa = PBXBuildFile; fileRef = 89C8E4F81A64222F00620CCF /* SBJsonStreamParserAdapter.m */; };
		89C8E50C1A64222F00620CCF /* SBJsonStreamParserState.m in Sources */ = {isa = PBXBuildFile; fileRef = 89C8E4FA1A64222F00620CCF /* SBJsonStreamParserState.m */; };
		89C8E50D1A64222F00620CCF /* SBJsonStreamWriter.m in Sources */ = {isa = PBXBuildFile; fileRef = 89C8E4FC1A64222F00620CCF /* SBJsonStreamWriter.m */; };
		89C8E50E1A64222F00620CCF /* SBJsonStreamWriterAccumulator.m in Sources */ = {isa = PBXBuildFile; fileRef = 89C8E4FE1A64222F00620CCF /* SBJsonStreamWriterAccumulator.m */; };
		89C8E50F1A64222F00620CCF /* SBJsonStreamWriterState.m in Sources */ = {isa = PBXBuildFile; fileRef = 89C8E5001A64222F00620CCF /* SBJsonStreamWriterState.m */; };
		89C8E5101A64222F00620CCF /* SBJsonTokeniser.m in Sources */ = {isa = PBXBuildFile; fileRef = 89C8E5021A64222F00620CCF /* SBJsonTokeniser.m */; };
		89C8E5111A64222F00620CCF /* SBJsonUTF8Stream.m in Sources */ = {isa = PBXBuildFile; fileRef = 89C8E5041A64222F00620CCF /* SBJsonUTF8Stream.m */; };
		89C8E5121A64222F00620CCF /* SBJsonWriter.m in Sources */ = {isa = PBXBuildFile; fileRef = 89C8E5061A64222F00620CCF /* SBJsonWriter.m */; };
		E764448F1A6AA351009FA8A0 /* background_sunny.png in Resources */ = {isa = PBXBuildFile; fileRef = E764448E1A6AA351009FA8A0 /* background_sunny.png */; };
/* End PBXBuildFile section */

/* Begin PBXContainerItemProxy section */
		89C8E41D1A63FD9B00620CCF /* PBXContainerItemProxy */ = {
			isa = PBXContainerItemProxy;
			containerPortal = 89C8E3EF1A63FD9B00620CCF /* Project object */;
			proxyType = 1;
			remoteGlobalIDString = 89C8E3F61A63FD9B00620CCF;
			remoteInfo = OpenWeather;
		};
/* End PBXContainerItemProxy section */

/* Begin PBXFileReference section */
		89C8E3F71A63FD9B00620CCF /* OpenWeather.app */ = {isa = PBXFileReference; explicitFileType = wrapper.application; includeInIndex = 0; path = OpenWeather.app; sourceTree = BUILT_PRODUCTS_DIR; };
		89C8E3FA1A63FD9B00620CCF /* Foundation.framework */ = {isa = PBXFileReference; lastKnownFileType = wrapper.framework; name = Foundation.framework; path = System/Library/Frameworks/Foundation.framework; sourceTree = SDKROOT; };
		89C8E3FC1A63FD9B00620CCF /* CoreGraphics.framework */ = {isa = PBXFileReference; lastKnownFileType = wrapper.framework; name = CoreGraphics.framework; path = System/Library/Frameworks/CoreGraphics.framework; sourceTree = SDKROOT; };
		89C8E3FE1A63FD9B00620CCF /* UIKit.framework */ = {isa = PBXFileReference; lastKnownFileType = wrapper.framework; name = UIKit.framework; path = System/Library/Frameworks/UIKit.framework; sourceTree = SDKROOT; };
		89C8E4021A63FD9B00620CCF /* OpenWeather-Info.plist */ = {isa = PBXFileReference; lastKnownFileType = text.plist.xml; path = "OpenWeather-Info.plist"; sourceTree = "<group>"; };
		89C8E4041A63FD9B00620CCF /* en */ = {isa = PBXFileReference; lastKnownFileType = text.plist.strings; name = en; path = en.lproj/InfoPlist.strings; sourceTree = "<group>"; };
		89C8E4061A63FD9B00620CCF /* main.m */ = {isa = PBXFileReference; lastKnownFileType = sourcecode.c.objc; path = main.m; sourceTree = "<group>"; };
		89C8E4081A63FD9B00620CCF /* OpenWeather-Prefix.pch */ = {isa = PBXFileReference; lastKnownFileType = sourcecode.c.h; path = "OpenWeather-Prefix.pch"; sourceTree = "<group>"; };
		89C8E4091A63FD9B00620CCF /* AppDelegate.h */ = {isa = PBXFileReference; lastKnownFileType = sourcecode.c.h; path = AppDelegate.h; sourceTree = "<group>"; };
		89C8E40A1A63FD9B00620CCF /* AppDelegate.m */ = {isa = PBXFileReference; lastKnownFileType = sourcecode.c.objc; path = AppDelegate.m; sourceTree = "<group>"; };
		89C8E40D1A63FD9B00620CCF /* Base */ = {isa = PBXFileReference; lastKnownFileType = file.storyboard; name = Base; path = Base.lproj/Main.storyboard; sourceTree = "<group>"; };
		89C8E40F1A63FD9B00620CCF /* ViewController.h */ = {isa = PBXFileReference; lastKnownFileType = sourcecode.c.h; path = ViewController.h; sourceTree = "<group>"; };
		89C8E4101A63FD9B00620CCF /* ViewController.m */ = {isa = PBXFileReference; lastKnownFileType = sourcecode.c.objc; path = ViewController.m; sourceTree = "<group>"; };
		89C8E4121A63FD9B00620CCF /* Images.xcassets */ = {isa = PBXFileReference; lastKnownFileType = folder.assetcatalog; path = Images.xcassets; sourceTree = "<group>"; };
		89C8E4181A63FD9B00620CCF /* OpenWeatherTests.xctest */ = {isa = PBXFileReference; explicitFileType = wrapper.cfbundle; includeInIndex = 0; path = OpenWeatherTests.xctest; sourceTree = BUILT_PRODUCTS_DIR; };
		89C8E4191A63FD9B00620CCF /* XCTest.framework */ = {isa = PBXFileReference; lastKnownFileType = wrapper.framework; name = XCTest.framework; path = Library/Frameworks/XCTest.framework; sourceTree = DEVELOPER_DIR; };
		89C8E4211A63FD9B00620CCF /* OpenWeatherTests-Info.plist */ = {isa = PBXFileReference; lastKnownFileType = text.plist.xml; path = "OpenWeatherTests-Info.plist"; sourceTree = "<group>"; };
		89C8E4231A63FD9B00620CCF /* en */ = {isa = PBXFileReference; lastKnownFileType = text.plist.strings; name = en; path = en.lproj/InfoPlist.strings; sourceTree = "<group>"; };
		89C8E4251A63FD9B00620CCF /* OpenWeatherTests.m */ = {isa = PBXFileReference; lastKnownFileType = sourcecode.c.objc; path = OpenWeatherTests.m; sourceTree = "<group>"; };
		89C8E42F1A64003200620CCF /* CoreLocation.framework */ = {isa = PBXFileReference; lastKnownFileType = wrapper.framework; name = CoreLocation.framework; path = System/Library/Frameworks/CoreLocation.framework; sourceTree = SDKROOT; };
		89C8E4341A64044300620CCF /* Location.h */ = {isa = PBXFileReference; fileEncoding = 4; lastKnownFileType = sourcecode.c.h; path = Location.h; sourceTree = "<group>"; };
		89C8E4351A64044300620CCF /* Location.m */ = {isa = PBXFileReference; fileEncoding = 4; lastKnownFileType = sourcecode.c.objc; path = Location.m; sourceTree = "<group>"; };
		89C8E43A1A64057700620CCF /* Weather.h */ = {isa = PBXFileReference; fileEncoding = 4; lastKnownFileType = sourcecode.c.h; path = Weather.h; sourceTree = "<group>"; };
		89C8E43B1A64057700620CCF /* Weather.m */ = {isa = PBXFileReference; fileEncoding = 4; lastKnownFileType = sourcecode.c.objc; path = Weather.m; sourceTree = "<group>"; };
		89C8E43D1A6406F800620CCF /* Conditions.h */ = {isa = PBXFileReference; fileEncoding = 4; lastKnownFileType = sourcecode.c.h; path = Conditions.h; sourceTree = "<group>"; };
		89C8E43E1A6406F800620CCF /* Conditions.m */ = {isa = PBXFileReference; fileEncoding = 4; lastKnownFileType = sourcecode.c.objc; path = Conditions.m; sourceTree = "<group>"; };
		89C8E4401A64079300620CCF /* Wind.h */ = {isa = PBXFileReference; fileEncoding = 4; lastKnownFileType = sourcecode.c.h; path = Wind.h; sourceTree = "<group>"; };
		89C8E4411A64079300620CCF /* Wind.m */ = {isa = PBXFileReference; fileEncoding = 4; lastKnownFileType = sourcecode.c.objc; path = Wind.m; sourceTree = "<group>"; };
		89C8E4431A64081B00620CCF /* Rain.h */ = {isa = PBXFileReference; fileEncoding = 4; lastKnownFileType = sourcecode.c.h; path = Rain.h; sourceTree = "<group>"; };
		89C8E4441A64081B00620CCF /* Rain.m */ = {isa = PBXFileReference; fileEncoding = 4; lastKnownFileType = sourcecode.c.objc; path = Rain.m; sourceTree = "<group>"; };
		89C8E4461A64088600620CCF /* Clouds.h */ = {isa = PBXFileReference; fileEncoding = 4; lastKnownFileType = sourcecode.c.h; path = Clouds.h; sourceTree = "<group>"; };
		89C8E4471A64088600620CCF /* Clouds.m */ = {isa = PBXFileReference; fileEncoding = 4; lastKnownFileType = sourcecode.c.objc; path = Clouds.m; sourceTree = "<group>"; };
		89C8E44A1A640F1400620CCF /* NetworkingManager.h */ = {isa = PBXFileReference; fileEncoding = 4; lastKnownFileType = sourcecode.c.h; path = NetworkingManager.h; sourceTree = "<group>"; };
		89C8E44B1A640F1400620CCF /* NetworkingManager.m */ = {isa = PBXFileReference; fileEncoding = 4; lastKnownFileType = sourcecode.c.objc; path = NetworkingManager.m; sourceTree = "<group>"; };
		89C8E44D1A64183B00620CCF /* DetailsViewController.h */ = {isa = PBXFileReference; fileEncoding = 4; lastKnownFileType = sourcecode.c.h; path = DetailsViewController.h; sourceTree = "<group>"; };
		89C8E44E1A64183B00620CCF /* DetailsViewController.m */ = {isa = PBXFileReference; fileEncoding = 4; lastKnownFileType = sourcecode.c.objc; path = DetailsViewController.m; sourceTree = "<group>"; };
		89C8E4EE1A64222F00620CCF /* NSObject+SBJson.h */ = {isa = PBXFileReference; fileEncoding = 4; lastKnownFileType = sourcecode.c.h; path = "NSObject+SBJson.h"; sourceTree = "<group>"; };
		89C8E4EF1A64222F00620CCF /* NSObject+SBJson.m */ = {isa = PBXFileReference; fileEncoding = 4; lastKnownFileType = sourcecode.c.objc; path = "NSObject+SBJson.m"; sourceTree = "<group>"; };
		89C8E4F01A64222F00620CCF /* SBJson.h */ = {isa = PBXFileReference; fileEncoding = 4; lastKnownFileType = sourcecode.c.h; path = SBJson.h; sourceTree = "<group>"; };
		89C8E4F11A64222F00620CCF /* SBJsonParser.h */ = {isa = PBXFileReference; fileEncoding = 4; lastKnownFileType = sourcecode.c.h; path = SBJsonParser.h; sourceTree = "<group>"; };
		89C8E4F21A64222F00620CCF /* SBJsonParser.m */ = {isa = PBXFileReference; fileEncoding = 4; lastKnownFileType = sourcecode.c.objc; path = SBJsonParser.m; sourceTree = "<group>"; };
		89C8E4F31A64222F00620CCF /* SBJsonStreamParser.h */ = {isa = PBXFileReference; fileEncoding = 4; lastKnownFileType = sourcecode.c.h; path = SBJsonStreamParser.h; sourceTree = "<group>"; };
		89C8E4F41A64222F00620CCF /* SBJsonStreamParser.m */ = {isa = PBXFileReference; fileEncoding = 4; lastKnownFileType = sourcecode.c.objc; path = SBJsonStreamParser.m; sourceTree = "<group>"; };
		89C8E4F51A64222F00620CCF /* SBJsonStreamParserAccumulator.h */ = {isa = PBXFileReference; fileEncoding = 4; lastKnownFileType = sourcecode.c.h; path = SBJsonStreamParserAccumulator.h; sourceTree = "<group>"; };
		89C8E4F61A64222F00620CCF /* SBJsonStreamParserAccumulator.m */ = {isa = PBXFileReference; fileEncoding = 4; lastKnownFileType = sourcecode.c.objc; path = SBJsonStreamParserAccumulator.m; sourceTree = "<group>"; };
		89C8E4F71A64222F00620CCF /* SBJsonStreamParserAdapter.h */ = {isa = PBXFileReference; fileEncoding = 4; lastKnownFileType = sourcecode.c.h; path = SBJsonStreamParserAdapter.h; sourceTree = "<group>"; };
		89C8E4F81A64222F00620CCF /* SBJsonStreamParserAdapter.m */ = {isa = PBXFileReference; fileEncoding = 4; lastKnownFileType = sourcecode.c.objc; path = SBJsonStreamParserAdapter.m; sourceTree = "<group>"; };
		89C8E4F91A64222F00620CCF /* SBJsonStreamParserState.h */ = {isa = PBXFileReference; fileEncoding = 4; lastKnownFileType = sourcecode.c.h; path = SBJsonStreamParserState.h; sourceTree = "<group>"; };
		89C8E4FA1A64222F00620CCF /* SBJsonStreamParserState.m */ = {isa = PBXFileReference; fileEncoding = 4; lastKnownFileType = sourcecode.c.objc; path = SBJsonStreamParserState.m; sourceTree = "<group>"; };
		89C8E4FB1A64222F00620CCF /* SBJsonStreamWriter.h */ = {isa = PBXFileReference; fileEncoding = 4; lastKnownFileType = sourcecode.c.h; path = SBJsonStreamWriter.h; sourceTree = "<group>"; };
		89C8E4FC1A64222F00620CCF /* SBJsonStreamWriter.m */ = {isa = PBXFileReference; fileEncoding = 4; lastKnownFileType = sourcecode.c.objc; path = SBJsonStreamWriter.m; sourceTree = "<group>"; };
		89C8E4FD1A64222F00620CCF /* SBJsonStreamWriterAccumulator.h */ = {isa = PBXFileReference; fileEncoding = 4; lastKnownFileType = sourcecode.c.h; path = SBJsonStreamWriterAccumulator.h; sourceTree = "<group>"; };
		89C8E4FE1A64222F00620CCF /* SBJsonStreamWriterAccumulator.m */ = {isa = PBXFileReference; fileEncoding = 4; lastKnownFileType = sourcecode.c.objc; path = SBJsonStreamWriterAccumulator.m; sourceTree = "<group>"; };
		89C8E4FF1A64222F00620CCF /* SBJsonStreamWriterState.h */ = {isa = PBXFileReference; fileEncoding = 4; lastKnownFileType = sourcecode.c.h; path = SBJsonStreamWriterState.h; sourceTree = "<group>"; };
		89C8E5001A64222F00620CCF /* SBJsonStreamWriterState.m */ = {isa = PBXFileReference; fileEncoding = 4; lastKnownFileType = sourcecode.c.objc; path = SBJsonStreamWriterState.m; sourceTree = "<group>"; };
		89C8E5011A64222F00620CCF /* SBJsonTokeniser.h */ = {isa = PBXFileReference; fileEncoding = 4; lastKnownFileType = sourcecode.c.h; path = SBJsonTokeniser.h; sourceTree = "<group>"; };
		89C8E5021A64222F00620CCF /* SBJsonTokeniser.m */ = {isa = PBXFileReference; fileEncoding = 4; lastKnownFileType = sourcecode.c.objc; path = SBJsonTokeniser.m; sourceTree = "<group>"; };
		89C8E5031A64222F00620CCF /* SBJsonUTF8Stream.h */ = {isa = PBXFileReference; fileEncoding = 4; lastKnownFileType = sourcecode.c.h; path = SBJsonUTF8Stream.h; sourceTree = "<group>"; };
		89C8E5041A64222F00620CCF /* SBJsonUTF8Stream.m */ = {isa = PBXFileReference; fileEncoding = 4; lastKnownFileType = sourcecode.c.objc; path = SBJsonUTF8Stream.m; sourceTree = "<group>"; };
		89C8E5051A64222F00620CCF /* SBJsonWriter.h */ = {isa = PBXFileReference; fileEncoding = 4; lastKnownFileType = sourcecode.c.h; path = SBJsonWriter.h; sourceTree = "<group>"; };
		89C8E5061A64222F00620CCF /* SBJsonWriter.m */ = {isa = PBXFileReference; fileEncoding = 4; lastKnownFileType = sourcecode.c.objc; path = SBJsonWriter.m; sourceTree = "<group>"; };
		E764448E1A6AA351009FA8A0 /* background_sunny.png */ = {isa = PBXFileReference; lastKnownFileType = image.png; name = background_sunny.png; path = ../../Work/israelWeather_ios/Assets/backgrounds/background_sunny.png; sourceTree = "<group>"; };
/* End PBXFileReference section */

/* Begin PBXFrameworksBuildPhase section */
		89C8E3F41A63FD9B00620CCF /* Frameworks */ = {
			isa = PBXFrameworksBuildPhase;
			buildActionMask = 2147483647;
			files = (
				89C8E4301A64003200620CCF /* CoreLocation.framework in Frameworks */,
				89C8E3FD1A63FD9B00620CCF /* CoreGraphics.framework in Frameworks */,
				89C8E3FF1A63FD9B00620CCF /* UIKit.framework in Frameworks */,
				89C8E3FB1A63FD9B00620CCF /* Foundation.framework in Frameworks */,
			);
			runOnlyForDeploymentPostprocessing = 0;
		};
		89C8E4151A63FD9B00620CCF /* Frameworks */ = {
			isa = PBXFrameworksBuildPhase;
			buildActionMask = 2147483647;
			files = (
				89C8E41A1A63FD9B00620CCF /* XCTest.framework in Frameworks */,
				89C8E41C1A63FD9B00620CCF /* UIKit.framework in Frameworks */,
				89C8E41B1A63FD9B00620CCF /* Foundation.framework in Frameworks */,
			);
			runOnlyForDeploymentPostprocessing = 0;
		};
/* End PBXFrameworksBuildPhase section */

/* Begin PBXGroup section */
		89C8E3EE1A63FD9B00620CCF = {
			isa = PBXGroup;
			children = (
				89C8E4001A63FD9B00620CCF /* OpenWeather */,
				89C8E41F1A63FD9B00620CCF /* OpenWeatherTests */,
				89C8E3F91A63FD9B00620CCF /* Frameworks */,
				89C8E3F81A63FD9B00620CCF /* Products */,
			);
			sourceTree = "<group>";
		};
		89C8E3F81A63FD9B00620CCF /* Products */ = {
			isa = PBXGroup;
			children = (
				89C8E3F71A63FD9B00620CCF /* OpenWeather.app */,
				89C8E4181A63FD9B00620CCF /* OpenWeatherTests.xctest */,
			);
			name = Products;
			sourceTree = "<group>";
		};
		89C8E3F91A63FD9B00620CCF /* Frameworks */ = {
			isa = PBXGroup;
			children = (
				89C8E42F1A64003200620CCF /* CoreLocation.framework */,
				89C8E3FA1A63FD9B00620CCF /* Foundation.framework */,
				89C8E3FC1A63FD9B00620CCF /* CoreGraphics.framework */,
				89C8E3FE1A63FD9B00620CCF /* UIKit.framework */,
				89C8E4191A63FD9B00620CCF /* XCTest.framework */,
			);
			name = Frameworks;
			sourceTree = "<group>";
		};
		89C8E4001A63FD9B00620CCF /* OpenWeather */ = {
			isa = PBXGroup;
			children = (
				E76444901A6B2A77009FA8A0 /* Libraries */,
				E764448D1A6AA31B009FA8A0 /* Assets */,
				89C8E4331A6403FE00620CCF /* Controller */,
				89C8E4321A6403F700620CCF /* View */,
				89C8E4311A6403E800620CCF /* Model */,
				89C8E4091A63FD9B00620CCF /* AppDelegate.h */,
				89C8E40A1A63FD9B00620CCF /* AppDelegate.m */,
				89C8E4121A63FD9B00620CCF /* Images.xcassets */,
				89C8E4011A63FD9B00620CCF /* Supporting Files */,
			);
			path = OpenWeather;
			sourceTree = "<group>";
		};
		89C8E4011A63FD9B00620CCF /* Supporting Files */ = {
			isa = PBXGroup;
			children = (
				89C8E4021A63FD9B00620CCF /* OpenWeather-Info.plist */,
				89C8E4031A63FD9B00620CCF /* InfoPlist.strings */,
				89C8E4061A63FD9B00620CCF /* main.m */,
				89C8E4081A63FD9B00620CCF /* OpenWeather-Prefix.pch */,
			);
			name = "Supporting Files";
			sourceTree = "<group>";
		};
		89C8E41F1A63FD9B00620CCF /* OpenWeatherTests */ = {
			isa = PBXGroup;
			children = (
				89C8E4251A63FD9B00620CCF /* OpenWeatherTests.m */,
				89C8E4201A63FD9B00620CCF /* Supporting Files */,
			);
			path = OpenWeatherTests;
			sourceTree = "<group>";
		};
		89C8E4201A63FD9B00620CCF /* Supporting Files */ = {
			isa = PBXGroup;
			children = (
				89C8E4211A63FD9B00620CCF /* OpenWeatherTests-Info.plist */,
				89C8E4221A63FD9B00620CCF /* InfoPlist.strings */,
			);
			name = "Supporting Files";
			sourceTree = "<group>";
		};
		89C8E4311A6403E800620CCF /* Model */ = {
			isa = PBXGroup;
			children = (
				89C8E4491A640EED00620CCF /* Object classes */,
				89C8E44A1A640F1400620CCF /* NetworkingManager.h */,
				89C8E44B1A640F1400620CCF /* NetworkingManager.m */,
			);
			name = Model;
			sourceTree = "<group>";
		};
		89C8E4321A6403F700620CCF /* View */ = {
			isa = PBXGroup;
			children = (
				89C8E40C1A63FD9B00620CCF /* Main.storyboard */,
			);
			name = View;
			sourceTree = "<group>";
		};
		89C8E4331A6403FE00620CCF /* Controller */ = {
			isa = PBXGroup;
			children = (
				89C8E40F1A63FD9B00620CCF /* ViewController.h */,
				89C8E4101A63FD9B00620CCF /* ViewController.m */,
				89C8E44D1A64183B00620CCF /* DetailsViewController.h */,
				89C8E44E1A64183B00620CCF /* DetailsViewController.m */,
			);
			name = Controller;
			sourceTree = "<group>";
		};
		89C8E4491A640EED00620CCF /* Object classes */ = {
			isa = PBXGroup;
			children = (
				89C8E4341A64044300620CCF /* Location.h */,
				89C8E4351A64044300620CCF /* Location.m */,
				89C8E43A1A64057700620CCF /* Weather.h */,
				89C8E43B1A64057700620CCF /* Weather.m */,
				89C8E43D1A6406F800620CCF /* Conditions.h */,
				89C8E43E1A6406F800620CCF /* Conditions.m */,
				89C8E4401A64079300620CCF /* Wind.h */,
				89C8E4411A64079300620CCF /* Wind.m */,
				89C8E4431A64081B00620CCF /* Rain.h */,
				89C8E4441A64081B00620CCF /* Rain.m */,
				89C8E4461A64088600620CCF /* Clouds.h */,
				89C8E4471A64088600620CCF /* Clouds.m */,
			);
			name = "Object classes";
			sourceTree = "<group>";
		};
		89C8E4EC1A64221C00620CCF /* SBJson */ = {
			isa = PBXGroup;
			children = (
				89C8E4ED1A64222F00620CCF /* Classes */,
			);
			name = SBJson;
			sourceTree = "<group>";
		};
		89C8E4ED1A64222F00620CCF /* Classes */ = {
			isa = PBXGroup;
			children = (
				89C8E4EE1A64222F00620CCF /* NSObject+SBJson.h */,
				89C8E4EF1A64222F00620CCF /* NSObject+SBJson.m */,
				89C8E4F01A64222F00620CCF /* SBJson.h */,
				89C8E4F11A64222F00620CCF /* SBJsonParser.h */,
				89C8E4F21A64222F00620CCF /* SBJsonParser.m */,
				89C8E4F31A64222F00620CCF /* SBJsonStreamParser.h */,
				89C8E4F41A64222F00620CCF /* SBJsonStreamParser.m */,
				89C8E4F51A64222F00620CCF /* SBJsonStreamParserAccumulator.h */,
				89C8E4F61A64222F00620CCF /* SBJsonStreamParserAccumulator.m */,
				89C8E4F71A64222F00620CCF /* SBJsonStreamParserAdapter.h */,
				89C8E4F81A64222F00620CCF /* SBJsonStreamParserAdapter.m */,
				89C8E4F91A64222F00620CCF /* SBJsonStreamParserState.h */,
				89C8E4FA1A64222F00620CCF /* SBJsonStreamParserState.m */,
				89C8E4FB1A64222F00620CCF /* SBJsonStreamWriter.h */,
				89C8E4FC1A64222F00620CCF /* SBJsonStreamWriter.m */,
				89C8E4FD1A64222F00620CCF /* SBJsonStreamWriterAccumulator.h */,
				89C8E4FE1A64222F00620CCF /* SBJsonStreamWriterAccumulator.m */,
				89C8E4FF1A64222F00620CCF /* SBJsonStreamWriterState.h */,
				89C8E5001A64222F00620CCF /* SBJsonStreamWriterState.m */,
				89C8E5011A64222F00620CCF /* SBJsonTokeniser.h */,
				89C8E5021A64222F00620CCF /* SBJsonTokeniser.m */,
				89C8E5031A64222F00620CCF /* SBJsonUTF8Stream.h */,
				89C8E5041A64222F00620CCF /* SBJsonUTF8Stream.m */,
				89C8E5051A64222F00620CCF /* SBJsonWriter.h */,
				89C8E5061A64222F00620CCF /* SBJsonWriter.m */,
			);
			path = Classes;
			sourceTree = "<group>";
		};
		E764448D1A6AA31B009FA8A0 /* Assets */ = {
			isa = PBXGroup;
			children = (
				E764448E1A6AA351009FA8A0 /* background_sunny.png */,
			);
			name = Assets;
			sourceTree = "<group>";
		};
		E76444901A6B2A77009FA8A0 /* Libraries */ = {
			isa = PBXGroup;
			children = (
				89C8E4EC1A64221C00620CCF /* SBJson */,
			);
			name = Libraries;
			sourceTree = "<group>";
		};
/* End PBXGroup section */

/* Begin PBXNativeTarget section */
		89C8E3F61A63FD9B00620CCF /* OpenWeather */ = {
			isa = PBXNativeTarget;
			buildConfigurationList = 89C8E4291A63FD9B00620CCF /* Build configuration list for PBXNativeTarget "OpenWeather" */;
			buildPhases = (
				89C8E3F31A63FD9B00620CCF /* Sources */,
				89C8E3F41A63FD9B00620CCF /* Frameworks */,
				89C8E3F51A63FD9B00620CCF /* Resources */,
			);
			buildRules = (
			);
			dependencies = (
			);
			name = OpenWeather;
			productName = OpenWeather;
			productReference = 89C8E3F71A63FD9B00620CCF /* OpenWeather.app */;
			productType = "com.apple.product-type.application";
		};
		89C8E4171A63FD9B00620CCF /* OpenWeatherTests */ = {
			isa = PBXNativeTarget;
			buildConfigurationList = 89C8E42C1A63FD9B00620CCF /* Build configuration list for PBXNativeTarget "OpenWeatherTests" */;
			buildPhases = (
				89C8E4141A63FD9B00620CCF /* Sources */,
				89C8E4151A63FD9B00620CCF /* Frameworks */,
				89C8E4161A63FD9B00620CCF /* Resources */,
			);
			buildRules = (
			);
			dependencies = (
				89C8E41E1A63FD9B00620CCF /* PBXTargetDependency */,
			);
			name = OpenWeatherTests;
			productName = OpenWeatherTests;
			productReference = 89C8E4181A63FD9B00620CCF /* OpenWeatherTests.xctest */;
			productType = "com.apple.product-type.bundle.unit-test";
		};
/* End PBXNativeTarget section */

/* Begin PBXProject section */
		89C8E3EF1A63FD9B00620CCF /* Project object */ = {
			isa = PBXProject;
			attributes = {
				LastUpgradeCheck = 0510;
				ORGANIZATIONNAME = "Marat Ibragimov";
				TargetAttributes = {
					89C8E4171A63FD9B00620CCF = {
						TestTargetID = 89C8E3F61A63FD9B00620CCF;
					};
				};
			};
			buildConfigurationList = 89C8E3F21A63FD9B00620CCF /* Build configuration list for PBXProject "OpenWeather" */;
			compatibilityVersion = "Xcode 3.2";
			developmentRegion = English;
			hasScannedForEncodings = 0;
			knownRegions = (
				en,
				Base,
			);
			mainGroup = 89C8E3EE1A63FD9B00620CCF;
			productRefGroup = 89C8E3F81A63FD9B00620CCF /* Products */;
			projectDirPath = "";
			projectRoot = "";
			targets = (
				89C8E3F61A63FD9B00620CCF /* OpenWeather */,
				89C8E4171A63FD9B00620CCF /* OpenWeatherTests */,
			);
		};
/* End PBXProject section */

/* Begin PBXResourcesBuildPhase section */
		89C8E3F51A63FD9B00620CCF /* Resources */ = {
			isa = PBXResourcesBuildPhase;
			buildActionMask = 2147483647;
			files = (
				89C8E4131A63FD9B00620CCF /* Images.xcassets in Resources */,
				89C8E4051A63FD9B00620CCF /* InfoPlist.strings in Resources */,
				89C8E40E1A63FD9B00620CCF /* Main.storyboard in Resources */,
				E764448F1A6AA351009FA8A0 /* background_sunny.png in Resources */,
			);
			runOnlyForDeploymentPostprocessing = 0;
		};
		89C8E4161A63FD9B00620CCF /* Resources */ = {
			isa = PBXResourcesBuildPhase;
			buildActionMask = 2147483647;
			files = (
				89C8E4241A63FD9B00620CCF /* InfoPlist.strings in Resources */,
			);
			runOnlyForDeploymentPostprocessing = 0;
		};
/* End PBXResourcesBuildPhase section */

/* Begin PBXSourcesBuildPhase section */
		89C8E3F31A63FD9B00620CCF /* Sources */ = {
			isa = PBXSourcesBuildPhase;
			buildActionMask = 2147483647;
			files = (
				89C8E4111A63FD9B00620CCF /* ViewController.m in Sources */,
				89C8E5121A64222F00620CCF /* SBJsonWriter.m in Sources */,
				89C8E50D1A64222F00620CCF /* SBJsonStreamWriter.m in Sources */,
				89C8E5101A64222F00620CCF /* SBJsonTokeniser.m in Sources */,
				89C8E50E1A64222F00620CCF /* SBJsonStreamWriterAccumulator.m in Sources */,
				89C8E40B1A63FD9B00620CCF /* AppDelegate.m in Sources */,
				89C8E44F1A64183B00620CCF /* DetailsViewController.m in Sources */,
				89C8E4481A64088600620CCF /* Clouds.m in Sources */,
				89C8E50C1A64222F00620CCF /* SBJsonStreamParserState.m in Sources */,
				89C8E5081A64222F00620CCF /* SBJsonParser.m in Sources */,
				89C8E50A1A64222F00620CCF /* SBJsonStreamParserAccumulator.m in Sources */,
				89C8E50F1A64222F00620CCF /* SBJsonStreamWriterState.m in Sources */,
				89C8E4361A64044300620CCF /* Location.m in Sources */,
				89C8E4451A64081B00620CCF /* Rain.m in Sources */,
				89C8E44C1A640F1400620CCF /* NetworkingManager.m in Sources */,
				89C8E4071A63FD9B00620CCF /* main.m in Sources */,
				89C8E5111A64222F00620CCF /* SBJsonUTF8Stream.m in Sources */,
				89C8E4421A64079300620CCF /* Wind.m in Sources */,
				89C8E43C1A64057700620CCF /* Weather.m in Sources */,
				89C8E5091A64222F00620CCF /* SBJsonStreamParser.m in Sources */,
				89C8E5071A64222F00620CCF /* NSObject+SBJson.m in Sources */,
				89C8E43F1A6406F800620CCF /* Conditions.m in Sources */,
				89C8E50B1A64222F00620CCF /* SBJsonStreamParserAdapter.m in Sources */,
			);
			runOnlyForDeploymentPostprocessing = 0;
		};
		89C8E4141A63FD9B00620CCF /* Sources */ = {
			isa = PBXSourcesBuildPhase;
			buildActionMask = 2147483647;
			files = (
				89C8E4261A63FD9B00620CCF /* OpenWeatherTests.m in Sources */,
			);
			runOnlyForDeploymentPostprocessing = 0;
		};
/* End PBXSourcesBuildPhase section */

/* Begin PBXTargetDependency section */
		89C8E41E1A63FD9B00620CCF /* PBXTargetDependency */ = {
			isa = PBXTargetDependency;
			target = 89C8E3F61A63FD9B00620CCF /* OpenWeather */;
			targetProxy = 89C8E41D1A63FD9B00620CCF /* PBXContainerItemProxy */;
		};
/* End PBXTargetDependency section */

/* Begin PBXVariantGroup section */
		89C8E4031A63FD9B00620CCF /* InfoPlist.strings */ = {
			isa = PBXVariantGroup;
			children = (
				89C8E4041A63FD9B00620CCF /* en */,
			);
			name = InfoPlist.strings;
			sourceTree = "<group>";
		};
		89C8E40C1A63FD9B00620CCF /* Main.storyboard */ = {
			isa = PBXVariantGroup;
			children = (
				89C8E40D1A63FD9B00620CCF /* Base */,
			);
			name = Main.storyboard;
			sourceTree = "<group>";
		};
		89C8E4221A63FD9B00620CCF /* InfoPlist.strings */ = {
			isa = PBXVariantGroup;
			children = (
				89C8E4231A63FD9B00620CCF /* en */,
			);
			name = InfoPlist.strings;
			sourceTree = "<group>";
		};
/* End PBXVariantGroup section */

/* Begin XCBuildConfiguration section */
		89C8E4271A63FD9B00620CCF /* Debug */ = {
			isa = XCBuildConfiguration;
			buildSettings = {
				ALWAYS_SEARCH_USER_PATHS = NO;
				CLANG_CXX_LANGUAGE_STANDARD = "gnu++0x";
				CLANG_CXX_LIBRARY = "libc++";
				CLANG_ENABLE_MODULES = YES;
				CLANG_ENABLE_OBJC_ARC = YES;
				CLANG_WARN_BOOL_CONVERSION = YES;
				CLANG_WARN_CONSTANT_CONVERSION = YES;
				CLANG_WARN_DIRECT_OBJC_ISA_USAGE = YES_ERROR;
				CLANG_WARN_EMPTY_BODY = YES;
				CLANG_WARN_ENUM_CONVERSION = YES;
				CLANG_WARN_INT_CONVERSION = YES;
				CLANG_WARN_OBJC_ROOT_CLASS = YES_ERROR;
				CLANG_WARN__DUPLICATE_METHOD_MATCH = YES;
				"CODE_SIGN_IDENTITY[sdk=iphoneos*]" = "iPhone Developer";
				COPY_PHASE_STRIP = NO;
				GCC_C_LANGUAGE_STANDARD = gnu99;
				GCC_DYNAMIC_NO_PIC = NO;
				GCC_OPTIMIZATION_LEVEL = 0;
				GCC_PREPROCESSOR_DEFINITIONS = (
					"DEBUG=1",
					"$(inherited)",
				);
				GCC_SYMBOLS_PRIVATE_EXTERN = NO;
				GCC_WARN_64_TO_32_BIT_CONVERSION = YES;
				GCC_WARN_ABOUT_RETURN_TYPE = YES_ERROR;
				GCC_WARN_UNDECLARED_SELECTOR = YES;
				GCC_WARN_UNINITIALIZED_AUTOS = YES_AGGRESSIVE;
				GCC_WARN_UNUSED_FUNCTION = YES;
				GCC_WARN_UNUSED_VARIABLE = YES;
				IPHONEOS_DEPLOYMENT_TARGET = 7.1;
				ONLY_ACTIVE_ARCH = YES;
				SDKROOT = iphoneos;
			};
			name = Debug;
		};
		89C8E4281A63FD9B00620CCF /* Release */ = {
			isa = XCBuildConfiguration;
			buildSettings = {
				ALWAYS_SEARCH_USER_PATHS = NO;
				CLANG_CXX_LANGUAGE_STANDARD = "gnu++0x";
				CLANG_CXX_LIBRARY = "libc++";
				CLANG_ENABLE_MODULES = YES;
				CLANG_ENABLE_OBJC_ARC = YES;
				CLANG_WARN_BOOL_CONVERSION = YES;
				CLANG_WARN_CONSTANT_CONVERSION = YES;
				CLANG_WARN_DIRECT_OBJC_ISA_USAGE = YES_ERROR;
				CLANG_WARN_EMPTY_BODY = YES;
				CLANG_WARN_ENUM_CONVERSION = YES;
				CLANG_WARN_INT_CONVERSION = YES;
				CLANG_WARN_OBJC_ROOT_CLASS = YES_ERROR;
				CLANG_WARN__DUPLICATE_METHOD_MATCH = YES;
				"CODE_SIGN_IDENTITY[sdk=iphoneos*]" = "iPhone Developer";
				COPY_PHASE_STRIP = YES;
				ENABLE_NS_ASSERTIONS = NO;
				GCC_C_LANGUAGE_STANDARD = gnu99;
				GCC_WARN_64_TO_32_BIT_CONVERSION = YES;
				GCC_WARN_ABOUT_RETURN_TYPE = YES_ERROR;
				GCC_WARN_UNDECLARED_SELECTOR = YES;
				GCC_WARN_UNINITIALIZED_AUTOS = YES_AGGRESSIVE;
				GCC_WARN_UNUSED_FUNCTION = YES;
				GCC_WARN_UNUSED_VARIABLE = YES;
				IPHONEOS_DEPLOYMENT_TARGET = 7.1;
				SDKROOT = iphoneos;
				VALIDATE_PRODUCT = YES;
			};
			name = Release;
		};
		89C8E42A1A63FD9B00620CCF /* Debug */ = {
			isa = XCBuildConfiguration;
			buildSettings = {
				ASSETCATALOG_COMPILER_APPICON_NAME = AppIcon;
				ASSETCATALOG_COMPILER_LAUNCHIMAGE_NAME = LaunchImage;
				GCC_PRECOMPILE_PREFIX_HEADER = YES;
				GCC_PREFIX_HEADER = "OpenWeather/OpenWeather-Prefix.pch";
				INFOPLIST_FILE = "OpenWeather/OpenWeather-Info.plist";
				PRODUCT_NAME = "$(TARGET_NAME)";
				WRAPPER_EXTENSION = app;
			};
			name = Debug;
		};
		89C8E42B1A63FD9B00620CCF /* Release */ = {
			isa = XCBuildConfiguration;
			buildSettings = {
				ASSETCATALOG_COMPILER_APPICON_NAME = AppIcon;
				ASSETCATALOG_COMPILER_LAUNCHIMAGE_NAME = LaunchImage;
				GCC_PRECOMPILE_PREFIX_HEADER = YES;
				GCC_PREFIX_HEADER = "OpenWeather/OpenWeather-Prefix.pch";
				INFOPLIST_FILE = "OpenWeather/OpenWeather-Info.plist";
				PRODUCT_NAME = "$(TARGET_NAME)";
				WRAPPER_EXTENSION = app;
			};
			name = Release;
		};
		89C8E42D1A63FD9B00620CCF /* Debug */ = {
			isa = XCBuildConfiguration;
			buildSettings = {
				BUNDLE_LOADER = "$(BUILT_PRODUCTS_DIR)/OpenWeather.app/OpenWeather";
				FRAMEWORK_SEARCH_PATHS = (
					"$(SDKROOT)/Developer/Library/Frameworks",
					"$(inherited)",
					"$(DEVELOPER_FRAMEWORKS_DIR)",
				);
				GCC_PRECOMPILE_PREFIX_HEADER = YES;
				GCC_PREFIX_HEADER = "OpenWeather/OpenWeather-Prefix.pch";
				GCC_PREPROCESSOR_DEFINITIONS = (
					"DEBUG=1",
					"$(inherited)",
				);
				INFOPLIST_FILE = "OpenWeatherTests/OpenWeatherTests-Info.plist";
				PRODUCT_NAME = "$(TARGET_NAME)";
				TEST_HOST = "$(BUNDLE_LOADER)";
				WRAPPER_EXTENSION = xctest;
			};
			name = Debug;
		};
		89C8E42E1A63FD9B00620CCF /* Release */ = {
			isa = XCBuildConfiguration;
			buildSettings = {
				BUNDLE_LOADER = "$(BUILT_PRODUCTS_DIR)/OpenWeather.app/OpenWeather";
				FRAMEWORK_SEARCH_PATHS = (
					"$(SDKROOT)/Developer/Library/Frameworks",
					"$(inherited)",
					"$(DEVELOPER_FRAMEWORKS_DIR)",
				);
				GCC_PRECOMPILE_PREFIX_HEADER = YES;
				GCC_PREFIX_HEADER = "OpenWeather/OpenWeather-Prefix.pch";
				INFOPLIST_FILE = "OpenWeatherTests/OpenWeatherTests-Info.plist";
				PRODUCT_NAME = "$(TARGET_NAME)";
				TEST_HOST = "$(BUNDLE_LOADER)";
				WRAPPER_EXTENSION = xctest;
			};
			name = Release;
		};
/* End XCBuildConfiguration section */

/* Begin XCConfigurationList section */
		89C8E3F21A63FD9B00620CCF /* Build configuration list for PBXProject "OpenWeather" */ = {
			isa = XCConfigurationList;
			buildConfigurations = (
				89C8E4271A63FD9B00620CCF /* Debug */,
				89C8E4281A63FD9B00620CCF /* Release */,
			);
			defaultConfigurationIsVisible = 0;
			defaultConfigurationName = Release;
		};
		89C8E4291A63FD9B00620CCF /* Build configuration list for PBXNativeTarget "OpenWeather" */ = {
			isa = XCConfigurationList;
			buildConfigurations = (
				89C8E42A1A63FD9B00620CCF /* Debug */,
				89C8E42B1A63FD9B00620CCF /* Release */,
			);
			defaultConfigurationIsVisible = 0;
			defaultConfigurationName = Release;
		};
		89C8E42C1A63FD9B00620CCF /* Build configuration list for PBXNativeTarget "OpenWeatherTests" */ = {
			isa = XCConfigurationList;
			buildConfigurations = (
				89C8E42D1A63FD9B00620CCF /* Debug */,
				89C8E42E1A63FD9B00620CCF /* Release */,
			);
			defaultConfigurationIsVisible = 0;
			defaultConfigurationName = Release;
		};
/* End XCConfigurationList section */
	};
	rootObject = 89C8E3EF1A63FD9B00620CCF /* Project object */;
}
